
Microsoft Visual Studio Solution File, Format Version 12.00
# Visual Studio 15
VisualStudioVersion = 15.0.27004.2002
MinimumVisualStudioVersion = 10.0.40219.1
Project("{9A19103F-16F7-4668-BE54-9A1E7A4F7556}") = "IMuaythai.Api", "IMuaythai.Api\IMuaythai.Api.csproj", "{BAA31B09-B1BD-4C5E-9447-752302850349}"
EndProject
Project("{9A19103F-16F7-4668-BE54-9A1E7A4F7556}") = "IMuaythai.DataAccess", "IMuaythai.DataAcces\IMuaythai.DataAccess.csproj", "{5840DDF7-6956-4203-945B-557E1DFBCBFF}"
EndProject
Project("{FAE04EC0-301F-11D3-BF4B-00C04F79EFBC}") = "IMuaythai.Contests", "IMuaythai.Contests\IMuaythai.Contests.csproj", "{D6359FBC-3372-4715-8186-4CD3C770089B}"
EndProject
Project("{FAE04EC0-301F-11D3-BF4B-00C04F79EFBC}") = "IMuaythai.Repositories", "IMuaythai.Repositories\IMuaythai.Repositories.csproj", "{CA3548D1-7DE5-45AE-8DF0-ED707B77807B}"
EndProject
Global
	GlobalSection(SolutionConfigurationPlatforms) = preSolution
		Debug|Any CPU = Debug|Any CPU
		Release|Any CPU = Release|Any CPU
	EndGlobalSection
	GlobalSection(ProjectConfigurationPlatforms) = postSolution
		{BAA31B09-B1BD-4C5E-9447-752302850349}.Debug|Any CPU.ActiveCfg = Debug|Any CPU
		{BAA31B09-B1BD-4C5E-9447-752302850349}.Debug|Any CPU.Build.0 = Debug|Any CPU
		{BAA31B09-B1BD-4C5E-9447-752302850349}.Release|Any CPU.ActiveCfg = Release|Any CPU
		{BAA31B09-B1BD-4C5E-9447-752302850349}.Release|Any CPU.Build.0 = Release|Any CPU
		{5840DDF7-6956-4203-945B-557E1DFBCBFF}.Debug|Any CPU.ActiveCfg = Debug|Any CPU
		{5840DDF7-6956-4203-945B-557E1DFBCBFF}.Debug|Any CPU.Build.0 = Debug|Any CPU
		{5840DDF7-6956-4203-945B-557E1DFBCBFF}.Release|Any CPU.ActiveCfg = Release|Any CPU
		{5840DDF7-6956-4203-945B-557E1DFBCBFF}.Release|Any CPU.Build.0 = Release|Any CPU
		{D6359FBC-3372-4715-8186-4CD3C770089B}.Debug|Any CPU.ActiveCfg = Debug|Any CPU
		{D6359FBC-3372-4715-8186-4CD3C770089B}.Debug|Any CPU.Build.0 = Debug|Any CPU
		{D6359FBC-3372-4715-8186-4CD3C770089B}.Release|Any CPU.ActiveCfg = Release|Any CPU
		{D6359FBC-3372-4715-8186-4CD3C770089B}.Release|Any CPU.Build.0 = Release|Any CPU
		{CA3548D1-7DE5-45AE-8DF0-ED707B77807B}.Debug|Any CPU.ActiveCfg = Debug|Any CPU
		{CA3548D1-7DE5-45AE-8DF0-ED707B77807B}.Debug|Any CPU.Build.0 = Debug|Any CPU
		{CA3548D1-7DE5-45AE-8DF0-ED707B77807B}.Release|Any CPU.ActiveCfg = Release|Any CPU
		{CA3548D1-7DE5-45AE-8DF0-ED707B77807B}.Release|Any CPU.Build.0 = Release|Any CPU
	EndGlobalSection
	GlobalSection(SolutionProperties) = preSolution
		HideSolutionNode = FALSE
	EndGlobalSection
	GlobalSection(ExtensibilityGlobals) = postSolution
		SolutionGuid = {662B3F27-14A1-479E-B201-898BF5691883}
	EndGlobalSection
EndGlobal
