
Microsoft Visual Studio Solution File, Format Version 12.00
# Visual Studio 15
VisualStudioVersion = 15.0.27004.2006
MinimumVisualStudioVersion = 10.0.40219.1
Project("{9A19103F-16F7-4668-BE54-9A1E7A4F7556}") = "IMuaythai.Api", "IMuaythai.Api\IMuaythai.Api.csproj", "{BAA31B09-B1BD-4C5E-9447-752302850349}"
EndProject
Project("{9A19103F-16F7-4668-BE54-9A1E7A4F7556}") = "IMuaythai.DataAccess", "IMuaythai.DataAcces\IMuaythai.DataAccess.csproj", "{5840DDF7-6956-4203-945B-557E1DFBCBFF}"
EndProject
Project("{9A19103F-16F7-4668-BE54-9A1E7A4F7556}") = "IMuaythai.Contests", "IMuaythai.Contests\IMuaythai.Contests.csproj", "{D6359FBC-3372-4715-8186-4CD3C770089B}"
EndProject
Project("{9A19103F-16F7-4668-BE54-9A1E7A4F7556}") = "IMuaythai.Repositories", "IMuaythai.Repositories\IMuaythai.Repositories.csproj", "{CA3548D1-7DE5-45AE-8DF0-ED707B77807B}"
EndProject
Project("{9A19103F-16F7-4668-BE54-9A1E7A4F7556}") = "IMuaythai.Models", "IMuaythai.Models\IMuaythai.Models.csproj", "{6A31EDF2-6C4F-4445-A155-C9E32AA8E777}"
EndProject
Project("{2150E333-8FDC-42A3-9474-1A3956D46DE8}") = "Common", "Common", "{CA47251F-42BF-449F-AFC9-1A9DD3CD25B1}"
EndProject
Project("{9A19103F-16F7-4668-BE54-9A1E7A4F7556}") = "IMuaythai.JudgingServer", "IMuaythai.JudgingServer\IMuaythai.JudgingServer.csproj", "{650D9020-DC1F-4A11-B51C-2408531E47CE}"
EndProject
Project("{9A19103F-16F7-4668-BE54-9A1E7A4F7556}") = "IMuaythai.Shared", "IMuaythai.Shared\IMuaythai.Shared.csproj", "{6C25D689-6C9B-43CC-8D84-0A28C6C22747}"
EndProject
Project("{9A19103F-16F7-4668-BE54-9A1E7A4F7556}") = "IMuaythai.Fights", "IMuaythai.Fights\IMuaythai.Fights.csproj", "{4FADDA63-E46F-4E39-92A8-8CCC0E2D31A7}"
EndProject
Project("{9A19103F-16F7-4668-BE54-9A1E7A4F7556}") = "IMuaythai.Services", "IMuaythai.Services\IMuaythai.Services.csproj", "{2A506EA1-D194-41F2-899F-772357453114}"
EndProject
Project("{9A19103F-16F7-4668-BE54-9A1E7A4F7556}") = "IMuaythai.Auth", "IMuaythai.Auth\IMuaythai.Auth.csproj", "{DE29F314-8DEB-428A-9059-FAEC44FFF6D5}"
EndProject
Project("{9A19103F-16F7-4668-BE54-9A1E7A4F7556}") = "IMuaythai.Institutions", "IMuaythai.Institutions\IMuaythai.Institutions.csproj", "{319CDF09-56FA-4531-8BAF-034BDB958F62}"
EndProject
Project("{FAE04EC0-301F-11D3-BF4B-00C04F79EFBC}") = "IMuaythai.Users", "IMuaythai.Users\IMuaythai.Users.csproj", "{0223E5E4-C8C2-450D-9667-42A452B2D305}"
EndProject
Global
	GlobalSection(SolutionConfigurationPlatforms) = preSolution
		Debug|Any CPU = Debug|Any CPU
		Release|Any CPU = Release|Any CPU
	EndGlobalSection
	GlobalSection(ProjectConfigurationPlatforms) = postSolution
		{BAA31B09-B1BD-4C5E-9447-752302850349}.Debug|Any CPU.ActiveCfg = Debug|Any CPU
		{BAA31B09-B1BD-4C5E-9447-752302850349}.Debug|Any CPU.Build.0 = Debug|Any CPU
		{BAA31B09-B1BD-4C5E-9447-752302850349}.Release|Any CPU.ActiveCfg = Release|Any CPU
		{BAA31B09-B1BD-4C5E-9447-752302850349}.Release|Any CPU.Build.0 = Release|Any CPU
		{5840DDF7-6956-4203-945B-557E1DFBCBFF}.Debug|Any CPU.ActiveCfg = Debug|Any CPU
		{5840DDF7-6956-4203-945B-557E1DFBCBFF}.Debug|Any CPU.Build.0 = Debug|Any CPU
		{5840DDF7-6956-4203-945B-557E1DFBCBFF}.Release|Any CPU.ActiveCfg = Release|Any CPU
		{5840DDF7-6956-4203-945B-557E1DFBCBFF}.Release|Any CPU.Build.0 = Release|Any CPU
		{D6359FBC-3372-4715-8186-4CD3C770089B}.Debug|Any CPU.ActiveCfg = Debug|Any CPU
		{D6359FBC-3372-4715-8186-4CD3C770089B}.Debug|Any CPU.Build.0 = Debug|Any CPU
		{D6359FBC-3372-4715-8186-4CD3C770089B}.Release|Any CPU.ActiveCfg = Release|Any CPU
		{D6359FBC-3372-4715-8186-4CD3C770089B}.Release|Any CPU.Build.0 = Release|Any CPU
		{CA3548D1-7DE5-45AE-8DF0-ED707B77807B}.Debug|Any CPU.ActiveCfg = Debug|Any CPU
		{CA3548D1-7DE5-45AE-8DF0-ED707B77807B}.Debug|Any CPU.Build.0 = Debug|Any CPU
		{CA3548D1-7DE5-45AE-8DF0-ED707B77807B}.Release|Any CPU.ActiveCfg = Release|Any CPU
		{CA3548D1-7DE5-45AE-8DF0-ED707B77807B}.Release|Any CPU.Build.0 = Release|Any CPU
		{6A31EDF2-6C4F-4445-A155-C9E32AA8E777}.Debug|Any CPU.ActiveCfg = Debug|Any CPU
		{6A31EDF2-6C4F-4445-A155-C9E32AA8E777}.Debug|Any CPU.Build.0 = Debug|Any CPU
		{6A31EDF2-6C4F-4445-A155-C9E32AA8E777}.Release|Any CPU.ActiveCfg = Release|Any CPU
		{6A31EDF2-6C4F-4445-A155-C9E32AA8E777}.Release|Any CPU.Build.0 = Release|Any CPU
		{650D9020-DC1F-4A11-B51C-2408531E47CE}.Debug|Any CPU.ActiveCfg = Debug|Any CPU
		{650D9020-DC1F-4A11-B51C-2408531E47CE}.Debug|Any CPU.Build.0 = Debug|Any CPU
		{650D9020-DC1F-4A11-B51C-2408531E47CE}.Release|Any CPU.ActiveCfg = Release|Any CPU
		{650D9020-DC1F-4A11-B51C-2408531E47CE}.Release|Any CPU.Build.0 = Release|Any CPU
		{6C25D689-6C9B-43CC-8D84-0A28C6C22747}.Debug|Any CPU.ActiveCfg = Debug|Any CPU
		{6C25D689-6C9B-43CC-8D84-0A28C6C22747}.Debug|Any CPU.Build.0 = Debug|Any CPU
		{6C25D689-6C9B-43CC-8D84-0A28C6C22747}.Release|Any CPU.ActiveCfg = Release|Any CPU
		{6C25D689-6C9B-43CC-8D84-0A28C6C22747}.Release|Any CPU.Build.0 = Release|Any CPU
		{4FADDA63-E46F-4E39-92A8-8CCC0E2D31A7}.Debug|Any CPU.ActiveCfg = Debug|Any CPU
		{4FADDA63-E46F-4E39-92A8-8CCC0E2D31A7}.Debug|Any CPU.Build.0 = Debug|Any CPU
		{4FADDA63-E46F-4E39-92A8-8CCC0E2D31A7}.Release|Any CPU.ActiveCfg = Release|Any CPU
		{4FADDA63-E46F-4E39-92A8-8CCC0E2D31A7}.Release|Any CPU.Build.0 = Release|Any CPU
		{2A506EA1-D194-41F2-899F-772357453114}.Debug|Any CPU.ActiveCfg = Debug|Any CPU
		{2A506EA1-D194-41F2-899F-772357453114}.Debug|Any CPU.Build.0 = Debug|Any CPU
		{2A506EA1-D194-41F2-899F-772357453114}.Release|Any CPU.ActiveCfg = Release|Any CPU
		{2A506EA1-D194-41F2-899F-772357453114}.Release|Any CPU.Build.0 = Release|Any CPU
		{DE29F314-8DEB-428A-9059-FAEC44FFF6D5}.Debug|Any CPU.ActiveCfg = Debug|Any CPU
		{DE29F314-8DEB-428A-9059-FAEC44FFF6D5}.Debug|Any CPU.Build.0 = Debug|Any CPU
		{DE29F314-8DEB-428A-9059-FAEC44FFF6D5}.Release|Any CPU.ActiveCfg = Release|Any CPU
		{DE29F314-8DEB-428A-9059-FAEC44FFF6D5}.Release|Any CPU.Build.0 = Release|Any CPU
		{319CDF09-56FA-4531-8BAF-034BDB958F62}.Debug|Any CPU.ActiveCfg = Debug|Any CPU
		{319CDF09-56FA-4531-8BAF-034BDB958F62}.Debug|Any CPU.Build.0 = Debug|Any CPU
		{319CDF09-56FA-4531-8BAF-034BDB958F62}.Release|Any CPU.ActiveCfg = Release|Any CPU
		{319CDF09-56FA-4531-8BAF-034BDB958F62}.Release|Any CPU.Build.0 = Release|Any CPU
		{0223E5E4-C8C2-450D-9667-42A452B2D305}.Debug|Any CPU.ActiveCfg = Debug|Any CPU
		{0223E5E4-C8C2-450D-9667-42A452B2D305}.Debug|Any CPU.Build.0 = Debug|Any CPU
		{0223E5E4-C8C2-450D-9667-42A452B2D305}.Release|Any CPU.ActiveCfg = Release|Any CPU
		{0223E5E4-C8C2-450D-9667-42A452B2D305}.Release|Any CPU.Build.0 = Release|Any CPU
	EndGlobalSection
	GlobalSection(SolutionProperties) = preSolution
		HideSolutionNode = FALSE
	EndGlobalSection
	GlobalSection(NestedProjects) = preSolution
		{5840DDF7-6956-4203-945B-557E1DFBCBFF} = {CA47251F-42BF-449F-AFC9-1A9DD3CD25B1}
		{CA3548D1-7DE5-45AE-8DF0-ED707B77807B} = {CA47251F-42BF-449F-AFC9-1A9DD3CD25B1}
		{6A31EDF2-6C4F-4445-A155-C9E32AA8E777} = {CA47251F-42BF-449F-AFC9-1A9DD3CD25B1}
		{6C25D689-6C9B-43CC-8D84-0A28C6C22747} = {CA47251F-42BF-449F-AFC9-1A9DD3CD25B1}
	EndGlobalSection
	GlobalSection(ExtensibilityGlobals) = postSolution
		SolutionGuid = {662B3F27-14A1-479E-B201-898BF5691883}
	EndGlobalSection
EndGlobal
